
Microsoft Visual Studio Solution File, Format Version 12.00
# Visual Studio Version 16
VisualStudioVersion = 16.0.31019.35
MinimumVisualStudioVersion = 10.0.40219.1
Project("{FAE04EC0-301F-11D3-BF4B-00C04F79EFBC}") = "Books", "Books.csproj", "{0ED623F0-0FAF-445B-8A41-E3DB1DEF88FE}"
EndProject
Project("{FAE04EC0-301F-11D3-BF4B-00C04F79EFBC}") = "Database", "Database\Database.csproj", "{844AB838-12DA-4365-8B45-8A40C643869F}"
EndProject
Global
	GlobalSection(SolutionConfigurationPlatforms) = preSolution
		Debug|Any CPU = Debug|Any CPU
		Release|Any CPU = Release|Any CPU
	EndGlobalSection
	GlobalSection(ProjectConfigurationPlatforms) = postSolution
		{0ED623F0-0FAF-445B-8A41-E3DB1DEF88FE}.Debug|Any CPU.ActiveCfg = Debug|Any CPU
		{0ED623F0-0FAF-445B-8A41-E3DB1DEF88FE}.Debug|Any CPU.Build.0 = Debug|Any CPU
		{0ED623F0-0FAF-445B-8A41-E3DB1DEF88FE}.Release|Any CPU.ActiveCfg = Release|Any CPU
		{0ED623F0-0FAF-445B-8A41-E3DB1DEF88FE}.Release|Any CPU.Build.0 = Release|Any CPU
		{844AB838-12DA-4365-8B45-8A40C643869F}.Debug|Any CPU.ActiveCfg = Debug|Any CPU
		{844AB838-12DA-4365-8B45-8A40C643869F}.Debug|Any CPU.Build.0 = Debug|Any CPU
		{844AB838-12DA-4365-8B45-8A40C643869F}.Release|Any CPU.ActiveCfg = Release|Any CPU
		{844AB838-12DA-4365-8B45-8A40C643869F}.Release|Any CPU.Build.0 = Release|Any CPU
	EndGlobalSection
	GlobalSection(SolutionProperties) = preSolution
		HideSolutionNode = FALSE
	EndGlobalSection
	GlobalSection(ExtensibilityGlobals) = postSolution
		SolutionGuid = {A08017EE-F4FD-4CE0-9B40-3F873A26A9E6}
	EndGlobalSection
EndGlobal
